
Microsoft Visual Studio Solution File, Format Version 12.00
# Visual Studio Version 17
VisualStudioVersion = 17.5.33414.496
MinimumVisualStudioVersion = 10.0.40219.1
Project("{FAE04EC0-301F-11D3-BF4B-00C04F79EFBC}") = "InsertRows", "InsertRows\InsertRows.csproj", "{98717434-31FA-4326-B4D0-061CCE946CB1}"
EndProject
Project("{FAE04EC0-301F-11D3-BF4B-00C04F79EFBC}") = "CreateTable", "CreateTable\CreateTable.csproj", "{03933705-F3B3-407F-96B0-1D1414999D77}"
EndProject
Project("{FAE04EC0-301F-11D3-BF4B-00C04F79EFBC}") = "Query", "Query\Query.csproj", "{A733B2F7-2828-4F0D-B810-293BA0D4EDCD}"
EndProject
Project("{FAE04EC0-301F-11D3-BF4B-00C04F79EFBC}") = "Update", "Update\Update.csproj", "{326EFEA1-4312-4EB5-B758-81A322C792B0}"
EndProject
Global
	GlobalSection(SolutionConfigurationPlatforms) = preSolution
		Debug|Any CPU = Debug|Any CPU
		Release|Any CPU = Release|Any CPU
	EndGlobalSection
	GlobalSection(ProjectConfigurationPlatforms) = postSolution
		{98717434-31FA-4326-B4D0-061CCE946CB1}.Debug|Any CPU.ActiveCfg = Debug|Any CPU
		{98717434-31FA-4326-B4D0-061CCE946CB1}.Debug|Any CPU.Build.0 = Debug|Any CPU
		{98717434-31FA-4326-B4D0-061CCE946CB1}.Release|Any CPU.ActiveCfg = Release|Any CPU
		{98717434-31FA-4326-B4D0-061CCE946CB1}.Release|Any CPU.Build.0 = Release|Any CPU
		{03933705-F3B3-407F-96B0-1D1414999D77}.Debug|Any CPU.ActiveCfg = Debug|Any CPU
		{03933705-F3B3-407F-96B0-1D1414999D77}.Debug|Any CPU.Build.0 = Debug|Any CPU
		{03933705-F3B3-407F-96B0-1D1414999D77}.Release|Any CPU.ActiveCfg = Release|Any CPU
		{03933705-F3B3-407F-96B0-1D1414999D77}.Release|Any CPU.Build.0 = Release|Any CPU
		{A733B2F7-2828-4F0D-B810-293BA0D4EDCD}.Debug|Any CPU.ActiveCfg = Debug|Any CPU
		{A733B2F7-2828-4F0D-B810-293BA0D4EDCD}.Debug|Any CPU.Build.0 = Debug|Any CPU
		{A733B2F7-2828-4F0D-B810-293BA0D4EDCD}.Release|Any CPU.ActiveCfg = Release|Any CPU
		{A733B2F7-2828-4F0D-B810-293BA0D4EDCD}.Release|Any CPU.Build.0 = Release|Any CPU
		{326EFEA1-4312-4EB5-B758-81A322C792B0}.Debug|Any CPU.ActiveCfg = Debug|Any CPU
		{326EFEA1-4312-4EB5-B758-81A322C792B0}.Debug|Any CPU.Build.0 = Debug|Any CPU
		{326EFEA1-4312-4EB5-B758-81A322C792B0}.Release|Any CPU.ActiveCfg = Release|Any CPU
		{326EFEA1-4312-4EB5-B758-81A322C792B0}.Release|Any CPU.Build.0 = Release|Any CPU
	EndGlobalSection
	GlobalSection(SolutionProperties) = preSolution
		HideSolutionNode = FALSE
	EndGlobalSection
	GlobalSection(ExtensibilityGlobals) = postSolution
		SolutionGuid = {09613FF5-78F6-4264-A724-4B4550BEBFAA}
	EndGlobalSection
EndGlobal
